
Microsoft Visual Studio Solution File, Format Version 12.00
# Visual Studio Version 17
VisualStudioVersion = 17.4.33205.214
MinimumVisualStudioVersion = 10.0.40219.1
Project("{FAE04EC0-301F-11D3-BF4B-00C04F79EFBC}") = "WapuD", "WapuD\WapuD.csproj", "{956507D9-BFD7-4B35-94D5-3A480BFD6201}"
EndProject
Global
	GlobalSection(SolutionConfigurationPlatforms) = preSolution
		Debug|Any CPU = Debug|Any CPU
		Release|Any CPU = Release|Any CPU
	EndGlobalSection
	GlobalSection(ProjectConfigurationPlatforms) = postSolution
		{956507D9-BFD7-4B35-94D5-3A480BFD6201}.Debug|Any CPU.ActiveCfg = Debug|Any CPU
		{956507D9-BFD7-4B35-94D5-3A480BFD6201}.Debug|Any CPU.Build.0 = Debug|Any CPU
		{956507D9-BFD7-4B35-94D5-3A480BFD6201}.Release|Any CPU.ActiveCfg = Release|Any CPU
		{956507D9-BFD7-4B35-94D5-3A480BFD6201}.Release|Any CPU.Build.0 = Release|Any CPU
	EndGlobalSection
	GlobalSection(SolutionProperties) = preSolution
		HideSolutionNode = FALSE
	EndGlobalSection
	GlobalSection(ExtensibilityGlobals) = postSolution
		SolutionGuid = {7F4B356E-F893-4A52-87C9-E70FFF3DDDE8}
	EndGlobalSection
EndGlobal
